// !$*UTF8*$!
{
	archiveVersion = 1;
	classes = {
	};
	objectVersion = 46;
	objects = {

/* Begin PBXBuildFile section */
		2C9439031BA3C07B0088DF8D /* AppDelegate.swift in Sources */ = {isa = PBXBuildFile; fileRef = 2C9439021BA3C07B0088DF8D /* AppDelegate.swift */; };
		2C9439051BA3C07B0088DF8D /* ViewController.swift in Sources */ = {isa = PBXBuildFile; fileRef = 2C9439041BA3C07B0088DF8D /* ViewController.swift */; };
		2C9439081BA3C07B0088DF8D /* Main.storyboard in Resources */ = {isa = PBXBuildFile; fileRef = 2C9439061BA3C07B0088DF8D /* Main.storyboard */; };
		2C94390A1BA3C07B0088DF8D /* Images.xcassets in Resources */ = {isa = PBXBuildFile; fileRef = 2C9439091BA3C07B0088DF8D /* Images.xcassets */; };
		2C94390D1BA3C07B0088DF8D /* LaunchScreen.xib in Resources */ = {isa = PBXBuildFile; fileRef = 2C94390B1BA3C07B0088DF8D /* LaunchScreen.xib */; };
		2C9439191BA3C07B0088DF8D /* ImageMaskerTests.swift in Sources */ = {isa = PBXBuildFile; fileRef = 2C9439181BA3C07B0088DF8D /* ImageMaskerTests.swift */; };
/* End PBXBuildFile section */

/* Begin PBXContainerItemProxy section */
		2C9439131BA3C07B0088DF8D /* PBXContainerItemProxy */ = {
			isa = PBXContainerItemProxy;
			containerPortal = 2C9438F51BA3C07B0088DF8D /* Project object */;
			proxyType = 1;
			remoteGlobalIDString = 2C9438FC1BA3C07B0088DF8D;
			remoteInfo = ImageMasker;
		};
/* End PBXContainerItemProxy section */

/* Begin PBXFileReference section */
		2C9438FD1BA3C07B0088DF8D /* ImageMasker.app */ = {isa = PBXFileReference; explicitFileType = wrapper.application; includeInIndex = 0; path = ImageMasker.app; sourceTree = BUILT_PRODUCTS_DIR; };
		2C9439011BA3C07B0088DF8D /* Info.plist */ = {isa = PBXFileReference; lastKnownFileType = text.plist.xml; path = Info.plist; sourceTree = "<group>"; };
		2C9439021BA3C07B0088DF8D /* AppDelegate.swift */ = {isa = PBXFileReference; lastKnownFileType = sourcecode.swift; path = AppDelegate.swift; sourceTree = "<group>"; };
		2C9439041BA3C07B0088DF8D /* ViewController.swift */ = {isa = PBXFileReference; lastKnownFileType = sourcecode.swift; path = ViewController.swift; sourceTree = "<group>"; };
		2C9439071BA3C07B0088DF8D /* Base */ = {isa = PBXFileReference; lastKnownFileType = file.storyboard; name = Base; path = Base.lproj/Main.storyboard; sourceTree = "<group>"; };
		2C9439091BA3C07B0088DF8D /* Images.xcassets */ = {isa = PBXFileReference; lastKnownFileType = folder.assetcatalog; path = Images.xcassets; sourceTree = "<group>"; };
		2C94390C1BA3C07B0088DF8D /* Base */ = {isa = PBXFileReference; lastKnownFileType = file.xib; name = Base; path = Base.lproj/LaunchScreen.xib; sourceTree = "<group>"; };
		2C9439121BA3C07B0088DF8D /* ImageMaskerTests.xctest */ = {isa = PBXFileReference; explicitFileType = wrapper.cfbundle; includeInIndex = 0; path = ImageMaskerTests.xctest; sourceTree = BUILT_PRODUCTS_DIR; };
		2C9439171BA3C07B0088DF8D /* Info.plist */ = {isa = PBXFileReference; lastKnownFileType = text.plist.xml; path = Info.plist; sourceTree = "<group>"; };
		2C9439181BA3C07B0088DF8D /* ImageMaskerTests.swift */ = {isa = PBXFileReference; lastKnownFileType = sourcecode.swift; path = ImageMaskerTests.swift; sourceTree = "<group>"; };
/* End PBXFileReference section */

/* Begin PBXFrameworksBuildPhase section */
		2C9438FA1BA3C07B0088DF8D /* Frameworks */ = {
			isa = PBXFrameworksBuildPhase;
			buildActionMask = 2147483647;
			files = (
			);
			runOnlyForDeploymentPostprocessing = 0;
		};
		2C94390F1BA3C07B0088DF8D /* Frameworks */ = {
			isa = PBXFrameworksBuildPhase;
			buildActionMask = 2147483647;
			files = (
			);
			runOnlyForDeploymentPostprocessing = 0;
		};
/* End PBXFrameworksBuildPhase section */

/* Begin PBXGroup section */
		2C9438F41BA3C07B0088DF8D = {
			isa = PBXGroup;
			children = (
				2C9438FF1BA3C07B0088DF8D /* ImageMasker */,
				2C9439151BA3C07B0088DF8D /* ImageMaskerTests */,
				2C9438FE1BA3C07B0088DF8D /* Products */,
			);
			sourceTree = "<group>";
		};
		2C9438FE1BA3C07B0088DF8D /* Products */ = {
			isa = PBXGroup;
			children = (
				2C9438FD1BA3C07B0088DF8D /* ImageMasker.app */,
				2C9439121BA3C07B0088DF8D /* ImageMaskerTests.xctest */,
			);
			name = Products;
			sourceTree = "<group>";
		};
		2C9438FF1BA3C07B0088DF8D /* ImageMasker */ = {
			isa = PBXGroup;
			children = (
				2C9439021BA3C07B0088DF8D /* AppDelegate.swift */,
				2C9439041BA3C07B0088DF8D /* ViewController.swift */,
				2C9439061BA3C07B0088DF8D /* Main.storyboard */,
				2C9439091BA3C07B0088DF8D /* Images.xcassets */,
				2C94390B1BA3C07B0088DF8D /* LaunchScreen.xib */,
				2C9439001BA3C07B0088DF8D /* Supporting Files */,
			);
			path = ImageMasker;
			sourceTree = "<group>";
		};
		2C9439001BA3C07B0088DF8D /* Supporting Files */ = {
			isa = PBXGroup;
			children = (
				2C9439011BA3C07B0088DF8D /* Info.plist */,
			);
			name = "Supporting Files";
			sourceTree = "<group>";
		};
		2C9439151BA3C07B0088DF8D /* ImageMaskerTests */ = {
			isa = PBXGroup;
			children = (
				2C9439181BA3C07B0088DF8D /* ImageMaskerTests.swift */,
				2C9439161BA3C07B0088DF8D /* Supporting Files */,
			);
			path = ImageMaskerTests;
			sourceTree = "<group>";
		};
		2C9439161BA3C07B0088DF8D /* Supporting Files */ = {
			isa = PBXGroup;
			children = (
				2C9439171BA3C07B0088DF8D /* Info.plist */,
			);
			name = "Supporting Files";
			sourceTree = "<group>";
		};
/* End PBXGroup section */

/* Begin PBXNativeTarget section */
		2C9438FC1BA3C07B0088DF8D /* ImageMasker */ = {
			isa = PBXNativeTarget;
			buildConfigurationList = 2C94391C1BA3C07B0088DF8D /* Build configuration list for PBXNativeTarget "ImageMasker" */;
			buildPhases = (
				2C9438F91BA3C07B0088DF8D /* Sources */,
				2C9438FA1BA3C07B0088DF8D /* Frameworks */,
				2C9438FB1BA3C07B0088DF8D /* Resources */,
			);
			buildRules = (
			);
			dependencies = (
			);
			name = ImageMasker;
			productName = ImageMasker;
			productReference = 2C9438FD1BA3C07B0088DF8D /* ImageMasker.app */;
			productType = "com.apple.product-type.application";
		};
		2C9439111BA3C07B0088DF8D /* ImageMaskerTests */ = {
			isa = PBXNativeTarget;
			buildConfigurationList = 2C94391F1BA3C07B0088DF8D /* Build configuration list for PBXNativeTarget "ImageMaskerTests" */;
			buildPhases = (
				2C94390E1BA3C07B0088DF8D /* Sources */,
				2C94390F1BA3C07B0088DF8D /* Frameworks */,
				2C9439101BA3C07B0088DF8D /* Resources */,
			);
			buildRules = (
			);
			dependencies = (
				2C9439141BA3C07B0088DF8D /* PBXTargetDependency */,
			);
			name = ImageMaskerTests;
			productName = ImageMaskerTests;
			productReference = 2C9439121BA3C07B0088DF8D /* ImageMaskerTests.xctest */;
			productType = "com.apple.product-type.bundle.unit-test";
		};
/* End PBXNativeTarget section */

/* Begin PBXProject section */
		2C9438F51BA3C07B0088DF8D /* Project object */ = {
			isa = PBXProject;
			attributes = {
				LastUpgradeCheck = 0640;
				ORGANIZATIONNAME = "Дмитрий Буканович";
				TargetAttributes = {
					2C9438FC1BA3C07B0088DF8D = {
						CreatedOnToolsVersion = 6.4;
					};
					2C9439111BA3C07B0088DF8D = {
						CreatedOnToolsVersion = 6.4;
						TestTargetID = 2C9438FC1BA3C07B0088DF8D;
					};
				};
			};
			buildConfigurationList = 2C9438F81BA3C07B0088DF8D /* Build configuration list for PBXProject "ImageMasker" */;
			compatibilityVersion = "Xcode 3.2";
			developmentRegion = English;
			hasScannedForEncodings = 0;
			knownRegions = (
				en,
				Base,
			);
			mainGroup = 2C9438F41BA3C07B0088DF8D;
			productRefGroup = 2C9438FE1BA3C07B0088DF8D /* Products */;
			projectDirPath = "";
			projectRoot = "";
			targets = (
				2C9438FC1BA3C07B0088DF8D /* ImageMasker */,
				2C9439111BA3C07B0088DF8D /* ImageMaskerTests */,
			);
		};
/* End PBXProject section */

/* Begin PBXResourcesBuildPhase section */
		2C9438FB1BA3C07B0088DF8D /* Resources */ = {
			isa = PBXResourcesBuildPhase;
			buildActionMask = 2147483647;
			files = (
				2C9439081BA3C07B0088DF8D /* Main.storyboard in Resources */,
				2C94390D1BA3C07B0088DF8D /* LaunchScreen.xib in Resources */,
				2C94390A1BA3C07B0088DF8D /* Images.xcassets in Resources */,
			);
			runOnlyForDeploymentPostprocessing = 0;
		};
		2C9439101BA3C07B0088DF8D /* Resources */ = {
			isa = PBXResourcesBuildPhase;
			buildActionMask = 2147483647;
			files = (
			);
			runOnlyForDeploymentPostprocessing = 0;
		};
/* End PBXResourcesBuildPhase section */

/* Begin PBXSourcesBuildPhase section */
		2C9438F91BA3C07B0088DF8D /* Sources */ = {
			isa = PBXSourcesBuildPhase;
			buildActionMask = 2147483647;
			files = (
				2C9439051BA3C07B0088DF8D /* ViewController.swift in Sources */,
				2C9439031BA3C07B0088DF8D /* AppDelegate.swift in Sources */,
			);
			runOnlyForDeploymentPostprocessing = 0;
		};
		2C94390E1BA3C07B0088DF8D /* Sources */ = {
			isa = PBXSourcesBuildPhase;
			buildActionMask = 2147483647;
			files = (
				2C9439191BA3C07B0088DF8D /* ImageMaskerTests.swift in Sources */,
			);
			runOnlyForDeploymentPostprocessing = 0;
		};
/* End PBXSourcesBuildPhase section */

/* Begin PBXTargetDependency section */
		2C9439141BA3C07B0088DF8D /* PBXTargetDependency */ = {
			isa = PBXTargetDependency;
			target = 2C9438FC1BA3C07B0088DF8D /* ImageMasker */;
			targetProxy = 2C9439131BA3C07B0088DF8D /* PBXContainerItemProxy */;
		};
/* End PBXTargetDependency section */

/* Begin PBXVariantGroup section */
		2C9439061BA3C07B0088DF8D /* Main.storyboard */ = {
			isa = PBXVariantGroup;
			children = (
				2C9439071BA3C07B0088DF8D /* Base */,
			);
			name = Main.storyboard;
			sourceTree = "<group>";
		};
		2C94390B1BA3C07B0088DF8D /* LaunchScreen.xib */ = {
			isa = PBXVariantGroup;
			children = (
				2C94390C1BA3C07B0088DF8D /* Base */,
			);
			name = LaunchScreen.xib;
			sourceTree = "<group>";
		};
/* End PBXVariantGroup section */

/* Begin XCBuildConfiguration section */
		2C94391A1BA3C07B0088DF8D /* Debug */ = {
			isa = XCBuildConfiguration;
			buildSettings = {
				ALWAYS_SEARCH_USER_PATHS = NO;
				CLANG_CXX_LANGUAGE_STANDARD = "gnu++0x";
				CLANG_CXX_LIBRARY = "libc++";
				CLANG_ENABLE_MODULES = YES;
				CLANG_ENABLE_OBJC_ARC = YES;
				CLANG_WARN_BOOL_CONVERSION = YES;
				CLANG_WARN_CONSTANT_CONVERSION = YES;
				CLANG_WARN_DIRECT_OBJC_ISA_USAGE = YES_ERROR;
				CLANG_WARN_EMPTY_BODY = YES;
				CLANG_WARN_ENUM_CONVERSION = YES;
				CLANG_WARN_INT_CONVERSION = YES;
				CLANG_WARN_OBJC_ROOT_CLASS = YES_ERROR;
				CLANG_WARN_UNREACHABLE_CODE = YES;
				CLANG_WARN__DUPLICATE_METHOD_MATCH = YES;
				"CODE_SIGN_IDENTITY[sdk=iphoneos*]" = "iPhone Developer";
				COPY_PHASE_STRIP = NO;
				DEBUG_INFORMATION_FORMAT = "dwarf-with-dsym";
				ENABLE_STRICT_OBJC_MSGSEND = YES;
				GCC_C_LANGUAGE_STANDARD = gnu99;
				GCC_DYNAMIC_NO_PIC = NO;
				GCC_NO_COMMON_BLOCKS = YES;
				GCC_OPTIMIZATION_LEVEL = 0;
				GCC_PREPROCESSOR_DEFINITIONS = (
					"DEBUG=1",
					"$(inherited)",
				);
				GCC_SYMBOLS_PRIVATE_EXTERN = NO;
				GCC_WARN_64_TO_32_BIT_CONVERSION = YES;
				GCC_WARN_ABOUT_RETURN_TYPE = YES_ERROR;
				GCC_WARN_UNDECLARED_SELECTOR = YES;
				GCC_WARN_UNINITIALIZED_AUTOS = YES_AGGRESSIVE;
				GCC_WARN_UNUSED_FUNCTION = YES;
				GCC_WARN_UNUSED_VARIABLE = YES;
				IPHONEOS_DEPLOYMENT_TARGET = 8.4;
				MTL_ENABLE_DEBUG_INFO = YES;
				ONLY_ACTIVE_ARCH = YES;
				SDKROOT = iphoneos;
				SWIFT_OPTIMIZATION_LEVEL = "-Onone";
			};
			name = Debug;
		};
		2C94391B1BA3C07B0088DF8D /* Release */ = {
			isa = XCBuildConfiguration;
			buildSettings = {
				ALWAYS_SEARCH_USER_PATHS = NO;
				CLANG_CXX_LANGUAGE_STANDARD = "gnu++0x";
				CLANG_CXX_LIBRARY = "libc++";
				CLANG_ENABLE_MODULES = YES;
				CLANG_ENABLE_OBJC_ARC = YES;
				CLANG_WARN_BOOL_CONVERSION = YES;
				CLANG_WARN_CONSTANT_CONVERSION = YES;
				CLANG_WARN_DIRECT_OBJC_ISA_USAGE = YES_ERROR;
				CLANG_WARN_EMPTY_BODY = YES;
				CLANG_WARN_ENUM_CONVERSION = YES;
				CLANG_WARN_INT_CONVERSION = YES;
				CLANG_WARN_OBJC_ROOT_CLASS = YES_ERROR;
				CLANG_WARN_UNREACHABLE_CODE = YES;
				CLANG_WARN__DUPLICATE_METHOD_MATCH = YES;
				"CODE_SIGN_IDENTITY[sdk=iphoneos*]" = "iPhone Developer";
				COPY_PHASE_STRIP = NO;
				DEBUG_INFORMATION_FORMAT = "dwarf-with-dsym";
				ENABLE_NS_ASSERTIONS = NO;
				ENABLE_STRICT_OBJC_MSGSEND = YES;
				GCC_C_LANGUAGE_STANDARD = gnu99;
				GCC_NO_COMMON_BLOCKS = YES;
				GCC_WARN_64_TO_32_BIT_CONVERSION = YES;
				GCC_WARN_ABOUT_RETURN_TYPE = YES_ERROR;
				GCC_WARN_UNDECLARED_SELECTOR = YES;
				GCC_WARN_UNINITIALIZED_AUTOS = YES_AGGRESSIVE;
				GCC_WARN_UNUSED_FUNCTION = YES;
				GCC_WARN_UNUSED_VARIABLE = YES;
				IPHONEOS_DEPLOYMENT_TARGET = 8.4;
				MTL_ENABLE_DEBUG_INFO = NO;
				SDKROOT = iphoneos;
				VALIDATE_PRODUCT = YES;
			};
			name = Release;
		};
		2C94391D1BA3C07B0088DF8D /* Debug */ = {
			isa = XCBuildConfiguration;
			buildSettings = {
				ASSETCATALOG_COMPILER_APPICON_NAME = AppIcon;
				INFOPLIST_FILE = ImageMasker/Info.plist;
				LD_RUNPATH_SEARCH_PATHS = "$(inherited) @executable_path/Frameworks";
				PRODUCT_NAME = "$(TARGET_NAME)";
			};
			name = Debug;
		};
		2C94391E1BA3C07B0088DF8D /* Release */ = {
			isa = XCBuildConfiguration;
			buildSettings = {
				ASSETCATALOG_COMPILER_APPICON_NAME = AppIcon;
				INFOPLIST_FILE = ImageMasker/Info.plist;
				LD_RUNPATH_SEARCH_PATHS = "$(inherited) @executable_path/Frameworks";
				PRODUCT_NAME = "$(TARGET_NAME)";
			};
			name = Release;
		};
		2C9439201BA3C07B0088DF8D /* Debug */ = {
			isa = XCBuildConfiguration;
			buildSettings = {
				BUNDLE_LOADER = "$(TEST_HOST)";
				FRAMEWORK_SEARCH_PATHS = (
					"$(SDKROOT)/Developer/Library/Frameworks",
					"$(inherited)",
				);
				GCC_PREPROCESSOR_DEFINITIONS = (
					"DEBUG=1",
					"$(inherited)",
				);
				INFOPLIST_FILE = ImageMaskerTests/Info.plist;
				LD_RUNPATH_SEARCH_PATHS = "$(inherited) @executable_path/Frameworks @loader_path/Frameworks";
				PRODUCT_NAME = "$(TARGET_NAME)";
				TEST_HOST = "$(BUILT_PRODUCTS_DIR)/ImageMasker.app/ImageMasker";
			};
			name = Debug;
		};
		2C9439211BA3C07B0088DF8D /* Release */ = {
			isa = XCBuildConfiguration;
			buildSettings = {
				BUNDLE_LOADER = "$(TEST_HOST)";
				FRAMEWORK_SEARCH_PATHS = (
					"$(SDKROOT)/Developer/Library/Frameworks",
					"$(inherited)",
				);
				INFOPLIST_FILE = ImageMaskerTests/Info.plist;
				LD_RUNPATH_SEARCH_PATHS = "$(inherited) @executable_path/Frameworks @loader_path/Frameworks";
				PRODUCT_NAME = "$(TARGET_NAME)";
				TEST_HOST = "$(BUILT_PRODUCTS_DIR)/ImageMasker.app/ImageMasker";
			};
			name = Release;
		};
/* End XCBuildConfiguration section */

/* Begin XCConfigurationList section */
		2C9438F81BA3C07B0088DF8D /* Build configuration list for PBXProject "ImageMasker" */ = {
			isa = XCConfigurationList;
			buildConfigurations = (
				2C94391A1BA3C07B0088DF8D /* Debug */,
				2C94391B1BA3C07B0088DF8D /* Release */,
			);
			defaultConfigurationIsVisible = 0;
			defaultConfigurationName = Release;
		};
		2C94391C1BA3C07B0088DF8D /* Build configuration list for PBXNativeTarget "ImageMasker" */ = {
			isa = XCConfigurationList;
			buildConfigurations = (
				2C94391D1BA3C07B0088DF8D /* Debug */,
				2C94391E1BA3C07B0088DF8D /* Release */,
			);
			defaultConfigurationIsVisible = 0;
		};
		2C94391F1BA3C07B0088DF8D /* Build configuration list for PBXNativeTarget "ImageMaskerTests" */ = {
			isa = XCConfigurationList;
			buildConfigurations = (
				2C9439201BA3C07B0088DF8D /* Debug */,
				2C9439211BA3C07B0088DF8D /* Release */,
			);
			defaultConfigurationIsVisible = 0;
		};
/* End XCConfigurationList section */
	};
	rootObject = 2C9438F51BA3C07B0088DF8D /* Project object */;
}
